
Microsoft Visual Studio Solution File, Format Version 12.00
# Visual Studio 14
VisualStudioVersion = 14.0.25420.1
MinimumVisualStudioVersion = 10.0.40219.1
Project("{FAE04EC0-301F-11D3-BF4B-00C04F79EFBC}") = "SimpleSumatorWebFroms", "SimpleSumatorWebFroms\SimpleSumatorWebFroms.csproj", "{4AFF3587-20D5-459E-B7FE-1DB8D8B312BB}"
EndProject
Project("{FAE04EC0-301F-11D3-BF4B-00C04F79EFBC}") = "ImgHandler", "ImgHandler\ImgHandler.csproj", "{872C8352-0C8C-4F6D-8CCE-BAEF8AADD190}"
EndProject
Project("{FAE04EC0-301F-11D3-BF4B-00C04F79EFBC}") = "SimpleSumatorMVC", "SimpleSumatorMVC\SimpleSumatorMVC.csproj", "{0EC9AA29-878A-4999-9EEB-D7AD517B3E64}"
EndProject
Global
	GlobalSection(SolutionConfigurationPlatforms) = preSolution
		Debug|Any CPU = Debug|Any CPU
		Release|Any CPU = Release|Any CPU
	EndGlobalSection
	GlobalSection(ProjectConfigurationPlatforms) = postSolution
		{4AFF3587-20D5-459E-B7FE-1DB8D8B312BB}.Debug|Any CPU.ActiveCfg = Debug|Any CPU
		{4AFF3587-20D5-459E-B7FE-1DB8D8B312BB}.Debug|Any CPU.Build.0 = Debug|Any CPU
		{4AFF3587-20D5-459E-B7FE-1DB8D8B312BB}.Release|Any CPU.ActiveCfg = Release|Any CPU
		{4AFF3587-20D5-459E-B7FE-1DB8D8B312BB}.Release|Any CPU.Build.0 = Release|Any CPU
		{872C8352-0C8C-4F6D-8CCE-BAEF8AADD190}.Debug|Any CPU.ActiveCfg = Debug|Any CPU
		{872C8352-0C8C-4F6D-8CCE-BAEF8AADD190}.Debug|Any CPU.Build.0 = Debug|Any CPU
		{872C8352-0C8C-4F6D-8CCE-BAEF8AADD190}.Release|Any CPU.ActiveCfg = Release|Any CPU
		{872C8352-0C8C-4F6D-8CCE-BAEF8AADD190}.Release|Any CPU.Build.0 = Release|Any CPU
		{0EC9AA29-878A-4999-9EEB-D7AD517B3E64}.Debug|Any CPU.ActiveCfg = Debug|Any CPU
		{0EC9AA29-878A-4999-9EEB-D7AD517B3E64}.Debug|Any CPU.Build.0 = Debug|Any CPU
		{0EC9AA29-878A-4999-9EEB-D7AD517B3E64}.Release|Any CPU.ActiveCfg = Release|Any CPU
		{0EC9AA29-878A-4999-9EEB-D7AD517B3E64}.Release|Any CPU.Build.0 = Release|Any CPU
	EndGlobalSection
	GlobalSection(SolutionProperties) = preSolution
		HideSolutionNode = FALSE
	EndGlobalSection
EndGlobal
