
Microsoft Visual Studio Solution File, Format Version 12.00
# Visual Studio 14
VisualStudioVersion = 14.0.25420.1
MinimumVisualStudioVersion = 10.0.40219.1
Project("{FAE04EC0-301F-11D3-BF4B-00C04F79EFBC}") = "MasterPages", "MasterPages\MasterPages.csproj", "{DC6A41CC-DA6A-45DB-98E5-420214E70E2C}"
EndProject
Project("{FAE04EC0-301F-11D3-BF4B-00C04F79EFBC}") = "NestedMasterPages", "NestedMasterPages\NestedMasterPages.csproj", "{7709C24A-8CAE-4727-A403-308EF254A2D8}"
EndProject
Global
	GlobalSection(SolutionConfigurationPlatforms) = preSolution
		Debug|Any CPU = Debug|Any CPU
		Release|Any CPU = Release|Any CPU
	EndGlobalSection
	GlobalSection(ProjectConfigurationPlatforms) = postSolution
		{DC6A41CC-DA6A-45DB-98E5-420214E70E2C}.Debug|Any CPU.ActiveCfg = Debug|Any CPU
		{DC6A41CC-DA6A-45DB-98E5-420214E70E2C}.Debug|Any CPU.Build.0 = Debug|Any CPU
		{DC6A41CC-DA6A-45DB-98E5-420214E70E2C}.Release|Any CPU.ActiveCfg = Release|Any CPU
		{DC6A41CC-DA6A-45DB-98E5-420214E70E2C}.Release|Any CPU.Build.0 = Release|Any CPU
		{7709C24A-8CAE-4727-A403-308EF254A2D8}.Debug|Any CPU.ActiveCfg = Debug|Any CPU
		{7709C24A-8CAE-4727-A403-308EF254A2D8}.Debug|Any CPU.Build.0 = Debug|Any CPU
		{7709C24A-8CAE-4727-A403-308EF254A2D8}.Release|Any CPU.ActiveCfg = Release|Any CPU
		{7709C24A-8CAE-4727-A403-308EF254A2D8}.Release|Any CPU.Build.0 = Release|Any CPU
	EndGlobalSection
	GlobalSection(SolutionProperties) = preSolution
		HideSolutionNode = FALSE
	EndGlobalSection
EndGlobal
